version = 1
revision = 3
requires-python = ">=3.14"

[[package]]
name = "neo4j"
version = "5.28.6"
source = { registry = "https://pypi.org/simple" }
dependencies = [
    { name = "pytz" },
]
sdist = { url = "https://files.pythonhosted.org/packages/77/ea/a17b0df723422cb3124bd45e6570d9677eafa38ffa207c3d12f601cbb90e/neo4j-5.28.6.tar.gz", hash = "sha256:224020cb649517cba1b76bf94129ccf84de30e7005932b5ab0cdd9cb566d55b2", size = 233391, upload-time = "2026-09-15T08:47:07.57Z" }
wheels = [
    { url = "https://files.pythonhosted.org/packages/cd/9c/ec2a2f4b9fbb6c93d51c785a8c4e4cdca280009b7ad0821ff145e6cb02a5/neo4j-5.28.6-py3-none-any.whl", hash = "sha256:5454b51e0a1de870e7d0cc233b8897bb8b3a273fe32458ccbcde9d5a604f7437", size = 313892, upload-time = "2026-09-15T08:47:04.604Z" },
]

[[package]]
name = "part1"
version = "0.1.0"
source = { virtual = "." }
dependencies = [
    { name = "neo4j" },
    { name = "python-dotenv" },
]

[package.metadata]
requires-dist = [
    { name = "neo4j", specifier = "~=5.28" },
    { name = "python-dotenv", specifier = ">=1.2.1" },
]

[[package]]
name = "python-dotenv"
version = "1.2.3"
source = { registry = "https://pypi.org/simple" }
sdist = { url = "https://files.pythonhosted.org/packages/6a/53/ed9d74092561d4b01a2ef1349d52cdbc135e526c245f366b089cfca6de49/python_dotenv-1.2.3.tar.gz", hash = "sha256:a20a594dabeaa385725aa239d5244871c143ecb356add8a20fcf23773a6c3a35", size = 58945, upload-time = "2026-08-16T16:54:54.067Z" }
wheels = [
    { url = "https://files.pythonhosted.org/packages/0d/17/c5c6b53ddc18f297992099b3d9ec16c855c0ccc83263a21fe4d1c625ec6c/python_dotenv-1.2.3-py3-none-any.whl", hash = "sha256:904552145e8bfed22162c09dab1c2b9b54fefa7b23ba780f4f26ca0316b0f0d9", size = 22780, upload-time = "2026-08-16T16:54:52.473Z" },
]

[[package]]
name = "pytz"
version = "2026.3.post1"
source = { registry = "https://pypi.org/simple" }
sdist = { url = "https://files.pythonhosted.org/packages/fb/48/fb042503b6ca6cd271261dc559fd6432f7d8c713153e9ec5c591af4dfc1c/pytz-2026.3.post1.tar.gz", hash = "sha256:2211d3fcf9a797d3405cac96ac7f61d80e6a644f72a3309607282fe8a2010c5d", size = 319745, upload-time = "2026-07-25T15:12:07.385Z" }
wheels = [
    { url = "https://files.pythonhosted.org/packages/0f/7b/39c34ca613b0b198cb866466651b26b045e2009864c5183c979a3b83f383/pytz-2026.3.post1-py2.py3-none-any.whl", hash = "sha256:dd95840dd199baea12d9cc096a1d452caa6596a1c1e4b5f3dbd1541855d5e815", size = 508283, upload-time = "2026-07-25T15:12:05.782Z" },
]
